// !$*UTF8*$!
{
	archiveVersion = 1;
	classes = {
	};
	objectVersion = 56;
	objects = {

/* Begin PBXBuildFile section */
		AB8791FC2CB6A2A600F4F89A /* MathGameApp.swift in Sources */ = {isa = PBXBuildFile; fileRef = AB8791FB2CB6A2A600F4F89A /* MathGameApp.swift */; };
		AB8791FE2CB6A2A600F4F89A /* ContentView.swift in Sources */ = {isa = PBXBuildFile; fileRef = AB8791FD2CB6A2A600F4F89A /* ContentView.swift */; };
		AB8792002CB6A2A700F4F89A /* Assets.xcassets in Resources */ = {isa = PBXBuildFile; fileRef = AB8791FF2CB6A2A700F4F89A /* Assets.xcassets */; };
		AB8792032CB6A2A700F4F89A /* Preview Assets.xcassets in Resources */ = {isa = PBXBuildFile; fileRef = AB8792022CB6A2A700F4F89A /* Preview Assets.xcassets */; };
		AB87920D2CB6A2A800F4F89A /* MathGameTests.swift in Sources */ = {isa = PBXBuildFile; fileRef = AB87920C2CB6A2A800F4F89A /* MathGameTests.swift */; };
		AB8792172CB6A2A800F4F89A /* MathGameUITests.swift in Sources */ = {isa = PBXBuildFile; fileRef = AB8792162CB6A2A800F4F89A /* MathGameUITests.swift */; };
		AB8792192CB6A2A800F4F89A /* MathGameUITestsLaunchTests.swift in Sources */ = {isa = PBXBuildFile; fileRef = AB8792182CB6A2A800F4F89A /* MathGameUITestsLaunchTests.swift */; };
		AB8792262CB6A2EB00F4F89A /* HomeView.swift in Sources */ = {isa = PBXBuildFile; fileRef = AB8792252CB6A2EB00F4F89A /* HomeView.swift */; };
		AB8792282CB6A4DE00F4F89A /* SettingsView.swift in Sources */ = {isa = PBXBuildFile; fileRef = AB8792272CB6A4DE00F4F89A /* SettingsView.swift */; };
/* End PBXBuildFile section */

/* Begin PBXContainerItemProxy section */
		AB8792092CB6A2A800F4F89A /* PBXContainerItemProxy */ = {
			isa = PBXContainerItemProxy;
			containerPortal = AB8791F02CB6A2A600F4F89A /* Project object */;
			proxyType = 1;
			remoteGlobalIDString = AB8791F72CB6A2A600F4F89A;
			remoteInfo = MathGame;
		};
		AB8792132CB6A2A800F4F89A /* PBXContainerItemProxy */ = {
			isa = PBXContainerItemProxy;
			containerPortal = AB8791F02CB6A2A600F4F89A /* Project object */;
			proxyType = 1;
			remoteGlobalIDString = AB8791F72CB6A2A600F4F89A;
			remoteInfo = MathGame;
		};
/* End PBXContainerItemProxy section */

/* Begin PBXFileReference section */
		AB8791F82CB6A2A600F4F89A /* MathGame.app */ = {isa = PBXFileReference; explicitFileType = wrapper.application; includeInIndex = 0; path = MathGame.app; sourceTree = BUILT_PRODUCTS_DIR; };
		AB8791FB2CB6A2A600F4F89A /* MathGameApp.swift */ = {isa = PBXFileReference; lastKnownFileType = sourcecode.swift; path = MathGameApp.swift; sourceTree = "<group>"; };
		AB8791FD2CB6A2A600F4F89A /* ContentView.swift */ = {isa = PBXFileReference; lastKnownFileType = sourcecode.swift; path = ContentView.swift; sourceTree = "<group>"; };
		AB8791FF2CB6A2A700F4F89A /* Assets.xcassets */ = {isa = PBXFileReference; lastKnownFileType = folder.assetcatalog; path = Assets.xcassets; sourceTree = "<group>"; };
		AB8792022CB6A2A700F4F89A /* Preview Assets.xcassets */ = {isa = PBXFileReference; lastKnownFileType = folder.assetcatalog; path = "Preview Assets.xcassets"; sourceTree = "<group>"; };
		AB8792082CB6A2A800F4F89A /* MathGameTests.xctest */ = {isa = PBXFileReference; explicitFileType = wrapper.cfbundle; includeInIndex = 0; path = MathGameTests.xctest; sourceTree = BUILT_PRODUCTS_DIR; };
		AB87920C2CB6A2A800F4F89A /* MathGameTests.swift */ = {isa = PBXFileReference; lastKnownFileType = sourcecode.swift; path = MathGameTests.swift; sourceTree = "<group>"; };
		AB8792122CB6A2A800F4F89A /* MathGameUITests.xctest */ = {isa = PBXFileReference; explicitFileType = wrapper.cfbundle; includeInIndex = 0; path = MathGameUITests.xctest; sourceTree = BUILT_PRODUCTS_DIR; };
		AB8792162CB6A2A800F4F89A /* MathGameUITests.swift */ = {isa = PBXFileReference; lastKnownFileType = sourcecode.swift; path = MathGameUITests.swift; sourceTree = "<group>"; };
		AB8792182CB6A2A800F4F89A /* MathGameUITestsLaunchTests.swift */ = {isa = PBXFileReference; lastKnownFileType = sourcecode.swift; path = MathGameUITestsLaunchTests.swift; sourceTree = "<group>"; };
		AB8792252CB6A2EB00F4F89A /* HomeView.swift */ = {isa = PBXFileReference; lastKnownFileType = sourcecode.swift; path = HomeView.swift; sourceTree = "<group>"; };
		AB8792272CB6A4DE00F4F89A /* SettingsView.swift */ = {isa = PBXFileReference; lastKnownFileType = sourcecode.swift; path = SettingsView.swift; sourceTree = "<group>"; };
/* End PBXFileReference section */

/* Begin PBXFrameworksBuildPhase section */
		AB8791F52CB6A2A600F4F89A /* Frameworks */ = {
			isa = PBXFrameworksBuildPhase;
			buildActionMask = 2147483647;
			files = (
			);
			runOnlyForDeploymentPostprocessing = 0;
		};
		AB8792052CB6A2A800F4F89A /* Frameworks */ = {
			isa = PBXFrameworksBuildPhase;
			buildActionMask = 2147483647;
			files = (
			);
			runOnlyForDeploymentPostprocessing = 0;
		};
		AB87920F2CB6A2A800F4F89A /* Frameworks */ = {
			isa = PBXFrameworksBuildPhase;
			buildActionMask = 2147483647;
			files = (
			);
			runOnlyForDeploymentPostprocessing = 0;
		};
/* End PBXFrameworksBuildPhase section */

/* Begin PBXGroup section */
		AB8791EF2CB6A2A600F4F89A = {
			isa = PBXGroup;
			children = (
				AB8791FA2CB6A2A600F4F89A /* MathGame */,
				AB87920B2CB6A2A800F4F89A /* MathGameTests */,
				AB8792152CB6A2A800F4F89A /* MathGameUITests */,
				AB8791F92CB6A2A600F4F89A /* Products */,
			);
			sourceTree = "<group>";
		};
		AB8791F92CB6A2A600F4F89A /* Products */ = {
			isa = PBXGroup;
			children = (
				AB8791F82CB6A2A600F4F89A /* MathGame.app */,
				AB8792082CB6A2A800F4F89A /* MathGameTests.xctest */,
				AB8792122CB6A2A800F4F89A /* MathGameUITests.xctest */,
			);
			name = Products;
			sourceTree = "<group>";
		};
		AB8791FA2CB6A2A600F4F89A /* MathGame */ = {
			isa = PBXGroup;
			children = (
				AB8791FB2CB6A2A600F4F89A /* MathGameApp.swift */,
				AB8792272CB6A4DE00F4F89A /* SettingsView.swift */,
				AB8791FD2CB6A2A600F4F89A /* ContentView.swift */,
				AB8792252CB6A2EB00F4F89A /* HomeView.swift */,
				AB8791FF2CB6A2A700F4F89A /* Assets.xcassets */,
				AB8792012CB6A2A700F4F89A /* Preview Content */,
			);
			path = MathGame;
			sourceTree = "<group>";
		};
		AB8792012CB6A2A700F4F89A /* Preview Content */ = {
			isa = PBXGroup;
			children = (
				AB8792022CB6A2A700F4F89A /* Preview Assets.xcassets */,
			);
			path = "Preview Content";
			sourceTree = "<group>";
		};
		AB87920B2CB6A2A800F4F89A /* MathGameTests */ = {
			isa = PBXGroup;
			children = (
				AB87920C2CB6A2A800F4F89A /* MathGameTests.swift */,
			);
			path = MathGameTests;
			sourceTree = "<group>";
		};
		AB8792152CB6A2A800F4F89A /* MathGameUITests */ = {
			isa = PBXGroup;
			children = (
				AB8792162CB6A2A800F4F89A /* MathGameUITests.swift */,
				AB8792182CB6A2A800F4F89A /* MathGameUITestsLaunchTests.swift */,
			);
			path = MathGameUITests;
			sourceTree = "<group>";
		};
/* End PBXGroup section */

/* Begin PBXNativeTarget section */
		AB8791F72CB6A2A600F4F89A /* MathGame */ = {
			isa = PBXNativeTarget;
			buildConfigurationList = AB87921C2CB6A2A800F4F89A /* Build configuration list for PBXNativeTarget "MathGame" */;
			buildPhases = (
				AB8791F42CB6A2A600F4F89A /* Sources */,
				AB8791F52CB6A2A600F4F89A /* Frameworks */,
				AB8791F62CB6A2A600F4F89A /* Resources */,
			);
			buildRules = (
			);
			dependencies = (
			);
			name = MathGame;
			productName = MathGame;
			productReference = AB8791F82CB6A2A600F4F89A /* MathGame.app */;
			productType = "com.apple.product-type.application";
		};
		AB8792072CB6A2A800F4F89A /* MathGameTests */ = {
			isa = PBXNativeTarget;
			buildConfigurationList = AB87921F2CB6A2A800F4F89A /* Build configuration list for PBXNativeTarget "MathGameTests" */;
			buildPhases = (
				AB8792042CB6A2A800F4F89A /* Sources */,
				AB8792052CB6A2A800F4F89A /* Frameworks */,
				AB8792062CB6A2A800F4F89A /* Resources */,
			);
			buildRules = (
			);
			dependencies = (
				AB87920A2CB6A2A800F4F89A /* PBXTargetDependency */,
			);
			name = MathGameTests;
			productName = MathGameTests;
			productReference = AB8792082CB6A2A800F4F89A /* MathGameTests.xctest */;
			productType = "com.apple.product-type.bundle.unit-test";
		};
		AB8792112CB6A2A800F4F89A /* MathGameUITests */ = {
			isa = PBXNativeTarget;
			buildConfigurationList = AB8792222CB6A2A800F4F89A /* Build configuration list for PBXNativeTarget "MathGameUITests" */;
			buildPhases = (
				AB87920E2CB6A2A800F4F89A /* Sources */,
				AB87920F2CB6A2A800F4F89A /* Frameworks */,
				AB8792102CB6A2A800F4F89A /* Resources */,
			);
			buildRules = (
			);
			dependencies = (
				AB8792142CB6A2A800F4F89A /* PBXTargetDependency */,
			);
			name = MathGameUITests;
			productName = MathGameUITests;
			productReference = AB8792122CB6A2A800F4F89A /* MathGameUITests.xctest */;
			productType = "com.apple.product-type.bundle.ui-testing";
		};
/* End PBXNativeTarget section */

/* Begin PBXProject section */
		AB8791F02CB6A2A600F4F89A /* Project object */ = {
			isa = PBXProject;
			attributes = {
				BuildIndependentTargetsInParallel = 1;
				LastSwiftUpdateCheck = 1540;
				LastUpgradeCheck = 1540;
				TargetAttributes = {
					AB8791F72CB6A2A600F4F89A = {
						CreatedOnToolsVersion = 15.4;
					};
					AB8792072CB6A2A800F4F89A = {
						CreatedOnToolsVersion = 15.4;
						TestTargetID = AB8791F72CB6A2A600F4F89A;
					};
					AB8792112CB6A2A800F4F89A = {
						CreatedOnToolsVersion = 15.4;
						TestTargetID = AB8791F72CB6A2A600F4F89A;
					};
				};
			};
			buildConfigurationList = AB8791F32CB6A2A600F4F89A /* Build configuration list for PBXProject "MathGame" */;
			compatibilityVersion = "Xcode 14.0";
			developmentRegion = en;
			hasScannedForEncodings = 0;
			knownRegions = (
				en,
				Base,
			);
			mainGroup = AB8791EF2CB6A2A600F4F89A;
			productRefGroup = AB8791F92CB6A2A600F4F89A /* Products */;
			projectDirPath = "";
			projectRoot = "";
			targets = (
				AB8791F72CB6A2A600F4F89A /* MathGame */,
				AB8792072CB6A2A800F4F89A /* MathGameTests */,
				AB8792112CB6A2A800F4F89A /* MathGameUITests */,
			);
		};
/* End PBXProject section */

/* Begin PBXResourcesBuildPhase section */
		AB8791F62CB6A2A600F4F89A /* Resources */ = {
			isa = PBXResourcesBuildPhase;
			buildActionMask = 2147483647;
			files = (
				AB8792032CB6A2A700F4F89A /* Preview Assets.xcassets in Resources */,
				AB8792002CB6A2A700F4F89A /* Assets.xcassets in Resources */,
			);
			runOnlyForDeploymentPostprocessing = 0;
		};
		AB8792062CB6A2A800F4F89A /* Resources */ = {
			isa = PBXResourcesBuildPhase;
			buildActionMask = 2147483647;
			files = (
			);
			runOnlyForDeploymentPostprocessing = 0;
		};
		AB8792102CB6A2A800F4F89A /* Resources */ = {
			isa = PBXResourcesBuildPhase;
			buildActionMask = 2147483647;
			files = (
			);
			runOnlyForDeploymentPostprocessing = 0;
		};
/* End PBXResourcesBuildPhase section */

/* Begin PBXSourcesBuildPhase section */
		AB8791F42CB6A2A600F4F89A /* Sources */ = {
			isa = PBXSourcesBuildPhase;
			buildActionMask = 2147483647;
			files = (
				AB8792262CB6A2EB00F4F89A /* HomeView.swift in Sources */,
				AB8792282CB6A4DE00F4F89A /* SettingsView.swift in Sources */,
				AB8791FE2CB6A2A600F4F89A /* ContentView.swift in Sources */,
				AB8791FC2CB6A2A600F4F89A /* MathGameApp.swift in Sources */,
			);
			runOnlyForDeploymentPostprocessing = 0;
		};
		AB8792042CB6A2A800F4F89A /* Sources */ = {
			isa = PBXSourcesBuildPhase;
			buildActionMask = 2147483647;
			files = (
				AB87920D2CB6A2A800F4F89A /* MathGameTests.swift in Sources */,
			);
			runOnlyForDeploymentPostprocessing = 0;
		};
		AB87920E2CB6A2A800F4F89A /* Sources */ = {
			isa = PBXSourcesBuildPhase;
			buildActionMask = 2147483647;
			files = (
				AB8792192CB6A2A800F4F89A /* MathGameUITestsLaunchTests.swift in Sources */,
				AB8792172CB6A2A800F4F89A /* MathGameUITests.swift in Sources */,
			);
			runOnlyForDeploymentPostprocessing = 0;
		};
/* End PBXSourcesBuildPhase section */

/* Begin PBXTargetDependency section */
		AB87920A2CB6A2A800F4F89A /* PBXTargetDependency */ = {
			isa = PBXTargetDependency;
			target = AB8791F72CB6A2A600F4F89A /* MathGame */;
			targetProxy = AB8792092CB6A2A800F4F89A /* PBXContainerItemProxy */;
		};
		AB8792142CB6A2A800F4F89A /* PBXTargetDependency */ = {
			isa = PBXTargetDependency;
			target = AB8791F72CB6A2A600F4F89A /* MathGame */;
			targetProxy = AB8792132CB6A2A800F4F89A /* PBXContainerItemProxy */;
		};
/* End PBXTargetDependency section */

/* Begin XCBuildConfiguration section */
		AB87921A2CB6A2A800F4F89A /* Debug */ = {
			isa = XCBuildConfiguration;
			buildSettings = {
				ALWAYS_SEARCH_USER_PATHS = NO;
				ASSETCATALOG_COMPILER_GENERATE_SWIFT_ASSET_SYMBOL_EXTENSIONS = YES;
				CLANG_ANALYZER_NONNULL = YES;
				CLANG_ANALYZER_NUMBER_OBJECT_CONVERSION = YES_AGGRESSIVE;
				CLANG_CXX_LANGUAGE_STANDARD = "gnu++20";
				CLANG_ENABLE_MODULES = YES;
				CLANG_ENABLE_OBJC_ARC = YES;
				CLANG_ENABLE_OBJC_WEAK = YES;
				CLANG_WARN_BLOCK_CAPTURE_AUTORELEASING = YES;
				CLANG_WARN_BOOL_CONVERSION = YES;
				CLANG_WARN_COMMA = YES;
				CLANG_WARN_CONSTANT_CONVERSION = YES;
				CLANG_WARN_DEPRECATED_OBJC_IMPLEMENTATIONS = YES;
				CLANG_WARN_DIRECT_OBJC_ISA_USAGE = YES_ERROR;
				CLANG_WARN_DOCUMENTATION_COMMENTS = YES;
				CLANG_WARN_EMPTY_BODY = YES;
				CLANG_WARN_ENUM_CONVERSION = YES;
				CLANG_WARN_INFINITE_RECURSION = YES;
				CLANG_WARN_INT_CONVERSION = YES;
				CLANG_WARN_NON_LITERAL_NULL_CONVERSION = YES;
				CLANG_WARN_OBJC_IMPLICIT_RETAIN_SELF = YES;
				CLANG_WARN_OBJC_LITERAL_CONVERSION = YES;
				CLANG_WARN_OBJC_ROOT_CLASS = YES_ERROR;
				CLANG_WARN_QUOTED_INCLUDE_IN_FRAMEWORK_HEADER = YES;
				CLANG_WARN_RANGE_LOOP_ANALYSIS = YES;
				CLANG_WARN_STRICT_PROTOTYPES = YES;
				CLANG_WARN_SUSPICIOUS_MOVE = YES;
				CLANG_WARN_UNGUARDED_AVAILABILITY = YES_AGGRESSIVE;
				CLANG_WARN_UNREACHABLE_CODE = YES;
				CLANG_WARN__DUPLICATE_METHOD_MATCH = YES;
				COPY_PHASE_STRIP = NO;
				DEBUG_INFORMATION_FORMAT = dwarf;
				ENABLE_STRICT_OBJC_MSGSEND = YES;
				ENABLE_TESTABILITY = YES;
				ENABLE_USER_SCRIPT_SANDBOXING = YES;
				GCC_C_LANGUAGE_STANDARD = gnu17;
				GCC_DYNAMIC_NO_PIC = NO;
				GCC_NO_COMMON_BLOCKS = YES;
				GCC_OPTIMIZATION_LEVEL = 0;
				GCC_PREPROCESSOR_DEFINITIONS = (
					"DEBUG=1",
					"$(inherited)",
				);
				GCC_WARN_64_TO_32_BIT_CONVERSION = YES;
				GCC_WARN_ABOUT_RETURN_TYPE = YES_ERROR;
				GCC_WARN_UNDECLARED_SELECTOR = YES;
				GCC_WARN_UNINITIALIZED_AUTOS = YES_AGGRESSIVE;
				GCC_WARN_UNUSED_FUNCTION = YES;
				GCC_WARN_UNUSED_VARIABLE = YES;
				IPHONEOS_DEPLOYMENT_TARGET = 17.5;
				LOCALIZATION_PREFERS_STRING_CATALOGS = YES;
				MTL_ENABLE_DEBUG_INFO = INCLUDE_SOURCE;
				MTL_FAST_MATH = YES;
				ONLY_ACTIVE_ARCH = YES;
				SDKROOT = iphoneos;
				SWIFT_ACTIVE_COMPILATION_CONDITIONS = "DEBUG $(inherited)";
				SWIFT_OPTIMIZATION_LEVEL = "-Onone";
			};
			name = Debug;
		};
		AB87921B2CB6A2A800F4F89A /* Release */ = {
			isa = XCBuildConfiguration;
			buildSettings = {
				ALWAYS_SEARCH_USER_PATHS = NO;
				ASSETCATALOG_COMPILER_GENERATE_SWIFT_ASSET_SYMBOL_EXTENSIONS = YES;
				CLANG_ANALYZER_NONNULL = YES;
				CLANG_ANALYZER_NUMBER_OBJECT_CONVERSION = YES_AGGRESSIVE;
				CLANG_CXX_LANGUAGE_STANDARD = "gnu++20";
				CLANG_ENABLE_MODULES = YES;
				CLANG_ENABLE_OBJC_ARC = YES;
				CLANG_ENABLE_OBJC_WEAK = YES;
				CLANG_WARN_BLOCK_CAPTURE_AUTORELEASING = YES;
				CLANG_WARN_BOOL_CONVERSION = YES;
				CLANG_WARN_COMMA = YES;
				CLANG_WARN_CONSTANT_CONVERSION = YES;
				CLANG_WARN_DEPRECATED_OBJC_IMPLEMENTATIONS = YES;
				CLANG_WARN_DIRECT_OBJC_ISA_USAGE = YES_ERROR;
				CLANG_WARN_DOCUMENTATION_COMMENTS = YES;
				CLANG_WARN_EMPTY_BODY = YES;
				CLANG_WARN_ENUM_CONVERSION = YES;
				CLANG_WARN_INFINITE_RECURSION = YES;
				CLANG_WARN_INT_CONVERSION = YES;
				CLANG_WARN_NON_LITERAL_NULL_CONVERSION = YES;
				CLANG_WARN_OBJC_IMPLICIT_RETAIN_SELF = YES;
				CLANG_WARN_OBJC_LITERAL_CONVERSION = YES;
				CLANG_WARN_OBJC_ROOT_CLASS = YES_ERROR;
				CLANG_WARN_QUOTED_INCLUDE_IN_FRAMEWORK_HEADER = YES;
				CLANG_WARN_RANGE_LOOP_ANALYSIS = YES;
				CLANG_WARN_STRICT_PROTOTYPES = YES;
				CLANG_WARN_SUSPICIOUS_MOVE = YES;
				CLANG_WARN_UNGUARDED_AVAILABILITY = YES_AGGRESSIVE;
				CLANG_WARN_UNREACHABLE_CODE = YES;
				CLANG_WARN__DUPLICATE_METHOD_MATCH = YES;
				COPY_PHASE_STRIP = NO;
				DEBUG_INFORMATION_FORMAT = "dwarf-with-dsym";
				ENABLE_NS_ASSERTIONS = NO;
				ENABLE_STRICT_OBJC_MSGSEND = YES;
				ENABLE_USER_SCRIPT_SANDBOXING = YES;
				GCC_C_LANGUAGE_STANDARD = gnu17;
				GCC_NO_COMMON_BLOCKS = YES;
				GCC_WARN_64_TO_32_BIT_CONVERSION = YES;
				GCC_WARN_ABOUT_RETURN_TYPE = YES_ERROR;
				GCC_WARN_UNDECLARED_SELECTOR = YES;
				GCC_WARN_UNINITIALIZED_AUTOS = YES_AGGRESSIVE;
				GCC_WARN_UNUSED_FUNCTION = YES;
				GCC_WARN_UNUSED_VARIABLE = YES;
				IPHONEOS_DEPLOYMENT_TARGET = 17.5;
				LOCALIZATION_PREFERS_STRING_CATALOGS = YES;
				MTL_ENABLE_DEBUG_INFO = NO;
				MTL_FAST_MATH = YES;
				SDKROOT = iphoneos;
				SWIFT_COMPILATION_MODE = wholemodule;
				VALIDATE_PRODUCT = YES;
			};
			name = Release;
		};
		AB87921D2CB6A2A800F4F89A /* Debug */ = {
			isa = XCBuildConfiguration;
			buildSettings = {
				ASSETCATALOG_COMPILER_APPICON_NAME = AppIcon;
				ASSETCATALOG_COMPILER_GLOBAL_ACCENT_COLOR_NAME = AccentColor;
				CODE_SIGN_STYLE = Automatic;
				CURRENT_PROJECT_VERSION = 1;
				DEVELOPMENT_ASSET_PATHS = "\"MathGame/Preview Content\"";
				ENABLE_PREVIEWS = YES;
				GENERATE_INFOPLIST_FILE = YES;
				INFOPLIST_KEY_UIApplicationSceneManifest_Generation = YES;
				INFOPLIST_KEY_UIApplicationSupportsIndirectInputEvents = YES;
				INFOPLIST_KEY_UILaunchScreen_Generation = YES;
				INFOPLIST_KEY_UISupportedInterfaceOrientations_iPad = "UIInterfaceOrientationPortrait UIInterfaceOrientationPortraitUpsideDown UIInterfaceOrientationLandscapeLeft UIInterfaceOrientationLandscapeRight";
				INFOPLIST_KEY_UISupportedInterfaceOrientations_iPhone = "UIInterfaceOrientationPortrait UIInterfaceOrientationLandscapeLeft UIInterfaceOrientationLandscapeRight";
				LD_RUNPATH_SEARCH_PATHS = (
					"$(inherited)",
					"@executable_path/Frameworks",
				);
				MARKETING_VERSION = 1.0;
				PRODUCT_BUNDLE_IDENTIFIER = denidug.MathGame;
				PRODUCT_NAME = "$(TARGET_NAME)";
				SWIFT_EMIT_LOC_STRINGS = YES;
				SWIFT_VERSION = 5.0;
				TARGETED_DEVICE_FAMILY = "1,2";
			};
			name = Debug;
		};
		AB87921E2CB6A2A800F4F89A /* Release */ = {
			isa = XCBuildConfiguration;
			buildSettings = {
				ASSETCATALOG_COMPILER_APPICON_NAME = AppIcon;
				ASSETCATALOG_COMPILER_GLOBAL_ACCENT_COLOR_NAME = AccentColor;
				CODE_SIGN_STYLE = Automatic;
				CURRENT_PROJECT_VERSION = 1;
				DEVELOPMENT_ASSET_PATHS = "\"MathGame/Preview Content\"";
				ENABLE_PREVIEWS = YES;
				GENERATE_INFOPLIST_FILE = YES;
				INFOPLIST_KEY_UIApplicationSceneManifest_Generation = YES;
				INFOPLIST_KEY_UIApplicationSupportsIndirectInputEvents = YES;
				INFOPLIST_KEY_UILaunchScreen_Generation = YES;
				INFOPLIST_KEY_UISupportedInterfaceOrientations_iPad = "UIInterfaceOrientationPortrait UIInterfaceOrientationPortraitUpsideDown UIInterfaceOrientationLandscapeLeft UIInterfaceOrientationLandscapeRight";
				INFOPLIST_KEY_UISupportedInterfaceOrientations_iPhone = "UIInterfaceOrientationPortrait UIInterfaceOrientationLandscapeLeft UIInterfaceOrientationLandscapeRight";
				LD_RUNPATH_SEARCH_PATHS = (
					"$(inherited)",
					"@executable_path/Frameworks",
				);
				MARKETING_VERSION = 1.0;
				PRODUCT_BUNDLE_IDENTIFIER = denidug.MathGame;
				PRODUCT_NAME = "$(TARGET_NAME)";
				SWIFT_EMIT_LOC_STRINGS = YES;
				SWIFT_VERSION = 5.0;
				TARGETED_DEVICE_FAMILY = "1,2";
			};
			name = Release;
		};
		AB8792202CB6A2A800F4F89A /* Debug */ = {
			isa = XCBuildConfiguration;
			buildSettings = {
				ALWAYS_EMBED_SWIFT_STANDARD_LIBRARIES = YES;
				BUNDLE_LOADER = "$(TEST_HOST)";
				CODE_SIGN_STYLE = Automatic;
				CURRENT_PROJECT_VERSION = 1;
				GENERATE_INFOPLIST_FILE = YES;
				IPHONEOS_DEPLOYMENT_TARGET = 17.5;
				MARKETING_VERSION = 1.0;
				PRODUCT_BUNDLE_IDENTIFIER = denidug.MathGameTests;
				PRODUCT_NAME = "$(TARGET_NAME)";
				SWIFT_EMIT_LOC_STRINGS = NO;
				SWIFT_VERSION = 5.0;
				TARGETED_DEVICE_FAMILY = "1,2";
				TEST_HOST = "$(BUILT_PRODUCTS_DIR)/MathGame.app/$(BUNDLE_EXECUTABLE_FOLDER_PATH)/MathGame";
			};
			name = Debug;
		};
		AB8792212CB6A2A800F4F89A /* Release */ = {
			isa = XCBuildConfiguration;
			buildSettings = {
				ALWAYS_EMBED_SWIFT_STANDARD_LIBRARIES = YES;
				BUNDLE_LOADER = "$(TEST_HOST)";
				CODE_SIGN_STYLE = Automatic;
				CURRENT_PROJECT_VERSION = 1;
				GENERATE_INFOPLIST_FILE = YES;
				IPHONEOS_DEPLOYMENT_TARGET = 17.5;
				MARKETING_VERSION = 1.0;
				PRODUCT_BUNDLE_IDENTIFIER = denidug.MathGameTests;
				PRODUCT_NAME = "$(TARGET_NAME)";
				SWIFT_EMIT_LOC_STRINGS = NO;
				SWIFT_VERSION = 5.0;
				TARGETED_DEVICE_FAMILY = "1,2";
				TEST_HOST = "$(BUILT_PRODUCTS_DIR)/MathGame.app/$(BUNDLE_EXECUTABLE_FOLDER_PATH)/MathGame";
			};
			name = Release;
		};
		AB8792232CB6A2A800F4F89A /* Debug */ = {
			isa = XCBuildConfiguration;
			buildSettings = {
				ALWAYS_EMBED_SWIFT_STANDARD_LIBRARIES = YES;
				CODE_SIGN_STYLE = Automatic;
				CURRENT_PROJECT_VERSION = 1;
				GENERATE_INFOPLIST_FILE = YES;
				MARKETING_VERSION = 1.0;
				PRODUCT_BUNDLE_IDENTIFIER = denidug.MathGameUITests;
				PRODUCT_NAME = "$(TARGET_NAME)";
				SWIFT_EMIT_LOC_STRINGS = NO;
				SWIFT_VERSION = 5.0;
				TARGETED_DEVICE_FAMILY = "1,2";
				TEST_TARGET_NAME = MathGame;
			};
			name = Debug;
		};
		AB8792242CB6A2A800F4F89A /* Release */ = {
			isa = XCBuildConfiguration;
			buildSettings = {
				ALWAYS_EMBED_SWIFT_STANDARD_LIBRARIES = YES;
				CODE_SIGN_STYLE = Automatic;
				CURRENT_PROJECT_VERSION = 1;
				GENERATE_INFOPLIST_FILE = YES;
				MARKETING_VERSION = 1.0;
				PRODUCT_BUNDLE_IDENTIFIER = denidug.MathGameUITests;
				PRODUCT_NAME = "$(TARGET_NAME)";
				SWIFT_EMIT_LOC_STRINGS = NO;
				SWIFT_VERSION = 5.0;
				TARGETED_DEVICE_FAMILY = "1,2";
				TEST_TARGET_NAME = MathGame;
			};
			name = Release;
		};
/* End XCBuildConfiguration section */

/* Begin XCConfigurationList section */
		AB8791F32CB6A2A600F4F89A /* Build configuration list for PBXProject "MathGame" */ = {
			isa = XCConfigurationList;
			buildConfigurations = (
				AB87921A2CB6A2A800F4F89A /* Debug */,
				AB87921B2CB6A2A800F4F89A /* Release */,
			);
			defaultConfigurationIsVisible = 0;
			defaultConfigurationName = Release;
		};
		AB87921C2CB6A2A800F4F89A /* Build configuration list for PBXNativeTarget "MathGame" */ = {
			isa = XCConfigurationList;
			buildConfigurations = (
				AB87921D2CB6A2A800F4F89A /* Debug */,
				AB87921E2CB6A2A800F4F89A /* Release */,
			);
			defaultConfigurationIsVisible = 0;
			defaultConfigurationName = Release;
		};
		AB87921F2CB6A2A800F4F89A /* Build configuration list for PBXNativeTarget "MathGameTests" */ = {
			isa = XCConfigurationList;
			buildConfigurations = (
				AB8792202CB6A2A800F4F89A /* Debug */,
				AB8792212CB6A2A800F4F89A /* Release */,
			);
			defaultConfigurationIsVisible = 0;
			defaultConfigurationName = Release;
		};
		AB8792222CB6A2A800F4F89A /* Build configuration list for PBXNativeTarget "MathGameUITests" */ = {
			isa = XCConfigurationList;
			buildConfigurations = (
				AB8792232CB6A2A800F4F89A /* Debug */,
				AB8792242CB6A2A800F4F89A /* Release */,
			);
			defaultConfigurationIsVisible = 0;
			defaultConfigurationName = Release;
		};
/* End XCConfigurationList section */
	};
	rootObject = AB8791F02CB6A2A600F4F89A /* Project object */;
}
